
Microsoft Visual Studio Solution File, Format Version 12.00
# Visual Studio Version 16
VisualStudioVersion = 16.0.30907.101
MinimumVisualStudioVersion = 10.0.40219.1
Project("{FAE04EC0-301F-11D3-BF4B-00C04F79EFBC}") = "sockets", "sockets\sockets.csproj", "{2E4AE8EF-66F3-4161-8C98-85544B0A688D}"
EndProject
Global
	GlobalSection(SolutionConfigurationPlatforms) = preSolution
		Debug|Any CPU = Debug|Any CPU
		Release|Any CPU = Release|Any CPU
	EndGlobalSection
	GlobalSection(ProjectConfigurationPlatforms) = postSolution
		{2E4AE8EF-66F3-4161-8C98-85544B0A688D}.Debug|Any CPU.ActiveCfg = Debug|Any CPU
		{2E4AE8EF-66F3-4161-8C98-85544B0A688D}.Debug|Any CPU.Build.0 = Debug|Any CPU
		{2E4AE8EF-66F3-4161-8C98-85544B0A688D}.Release|Any CPU.ActiveCfg = Release|Any CPU
		{2E4AE8EF-66F3-4161-8C98-85544B0A688D}.Release|Any CPU.Build.0 = Release|Any CPU
	EndGlobalSection
	GlobalSection(SolutionProperties) = preSolution
		HideSolutionNode = FALSE
	EndGlobalSection
	GlobalSection(ExtensibilityGlobals) = postSolution
		SolutionGuid = {92D56EB2-1B5E-40A7-BE48-B049191ED867}
	EndGlobalSection
EndGlobal
